<?xml version="1.0" encoding="utf-8"?>
<Project ToolsVersion="4.0" xmlns="http://schemas.microsoft.com/developer/msbuild/2003">
  <ItemGroup>
    <ClCompile Include="build.cpp" />
    <ClCompile Include="app.cpp">
      <Filter>app</Filter>
    </ClCompile>
    <ClCompile Include="bitmaps.cpp">
      <Filter>app</Filter>
    </ClCompile>
    <ClCompile Include="frame.cpp">
      <Filter>app</Filter>
    </ClCompile>
    <ClCompile Include="fileDialog.cpp">
      <Filter>app</Filter>
    </ClCompile>
    <ClCompile Include="project.cpp">
      <Filter>project</Filter>
    </ClCompile>
    <ClCompile Include="memoryView.cpp">
      <Filter>widgets\codeView</Filter>
    </ClCompile>
    <ClCompile Include="nameUndecorator.cpp">
      <Filter>app</Filter>
    </ClCompile>
    <ClCompile Include="logWindow.cpp">
      <Filter>widgets\log</Filter>
    </ClCompile>
    <ClCompile Include="config.cpp">
      <Filter>app</Filter>
    </ClCompile>
    <ClCompile Include="progressDialog.cpp">
      <Filter>widgets\progress</Filter>
    </ClCompile>
    <ClCompile Include="memoryViewMapping.cpp">
      <Filter>widgets\codeView</Filter>
    </ClCompile>
    <ClCompile Include="projectMemoryView.cpp">
      <Filter>project</Filter>
    </ClCompile>
    <ClCompile Include="projectMemoryContextMenu.cpp">
      <Filter>project</Filter>
    </ClCompile>
    <ClCompile Include="projectAddressHistory.cpp">
      <Filter>project</Filter>
    </ClCompile>
    <ClCompile Include="gotoAddressDialog.cpp">
      <Filter>widgets\goto</Filter>
    </ClCompile>
    <ClCompile Include="widgetHelpers.cpp">
      <Filter>widgets</Filter>
    </ClCompile>
    <ClCompile Include="frameEvents.cpp">
      <Filter>app</Filter>
    </ClCompile>
    <ClCompile Include="projectTraceData.cpp">
      <Filter>project</Filter>
    </ClCompile>
    <ClCompile Include="registerView.cpp">
      <Filter>widgets\regView</Filter>
    </ClCompile>
    <ClCompile Include="findSymbolDialog.cpp">
      <Filter>widgets\findSymbol</Filter>
    </ClCompile>
    <ClCompile Include="traceInfoView.cpp">
      <Filter>widgets\traceInfoView</Filter>
    </ClCompile>
    <ClCompile Include="frameNavigate.cpp">
      <Filter>app</Filter>
    </ClCompile>
    <ClCompile Include="projectDynamicTraceData.cpp">
      <Filter>project</Filter>
    </ClCompile>
    <ClCompile Include="callstackFrame.cpp">
      <Filter>widgets\callstack</Filter>
    </ClCompile>
    <ClCompile Include="callstackFunctionTree.cpp">
      <Filter>widgets\callstack</Filter>
    </ClCompile>
    <ClCompile Include="memoryFrame.cpp">
      <Filter>widgets\traceMemoryView</Filter>
    </ClCompile>
    <ClCompile Include="utils.cpp">
      <Filter>app</Filter>
    </ClCompile>
    <ClCompile Include="events.cpp">
      <Filter>app</Filter>
    </ClCompile>
    <ClCompile Include="canvas.cpp">
      <Filter>widgets\canvas</Filter>
    </ClCompile>
    <ClCompile Include="timeMachineView.cpp">
      <Filter>widgets\timemachine</Filter>
    </ClCompile>
    <ClCompile Include="timeMachineFrame.cpp">
      <Filter>widgets\timemachine</Filter>
    </ClCompile>
    <ClCompile Include="projectConfiguration.cpp">
      <Filter>project</Filter>
    </ClCompile>
    <ClCompile Include="runDialog.cpp">
      <Filter>widgets\runDialog</Filter>
    </ClCompile>
    <ClCompile Include="choiceDialog.cpp">
      <Filter>widgets\choiceDialog</Filter>
    </ClCompile>
  </ItemGroup>
  <ItemGroup>
    <ClInclude Include="build.h" />
    <ClInclude Include="app.h">
      <Filter>app</Filter>
    </ClInclude>
    <ClInclude Include="bitmaps.h">
      <Filter>app</Filter>
    </ClInclude>
    <ClInclude Include="frame.h">
      <Filter>app</Filter>
    </ClInclude>
    <ClInclude Include="fileDialog.h">
      <Filter>app</Filter>
    </ClInclude>
    <ClInclude Include="project.h">
      <Filter>project</Filter>
    </ClInclude>
    <ClInclude Include="memoryView.h">
      <Filter>widgets\codeView</Filter>
    </ClInclude>
    <ClInclude Include="nameUndecorator.h">
      <Filter>app</Filter>
    </ClInclude>
    <ClInclude Include="logWindow.h">
      <Filter>widgets\log</Filter>
    </ClInclude>
    <ClInclude Include="config.h">
      <Filter>app</Filter>
    </ClInclude>
    <ClInclude Include="progressDialog.h">
      <Filter>widgets\progress</Filter>
    </ClInclude>
    <ClInclude Include="memoryViewMapping.h">
      <Filter>widgets\codeView</Filter>
    </ClInclude>
    <ClInclude Include="projectMemoryView.h">
      <Filter>project</Filter>
    </ClInclude>
    <ClInclude Include="projectMemoryContextMenu.h">
      <Filter>project</Filter>
    </ClInclude>
    <ClInclude Include="projectAddressHistory.h">
      <Filter>project</Filter>
    </ClInclude>
    <ClInclude Include="gotoAddressDialog.h">
      <Filter>widgets\goto</Filter>
    </ClInclude>
    <ClInclude Include="widgetHelpers.h">
      <Filter>widgets</Filter>
    </ClInclude>
    <ClInclude Include="projectTraceData.h">
      <Filter>project</Filter>
    </ClInclude>
    <ClInclude Include="registerView.h">
      <Filter>widgets\regView</Filter>
    </ClInclude>
    <ClInclude Include="findSymbolDialog.h">
      <Filter>widgets\findSymbol</Filter>
    </ClInclude>
    <ClInclude Include="traceInfoView.h">
      <Filter>widgets\traceInfoView</Filter>
    </ClInclude>
    <ClInclude Include="projectDynamicTraceData.h">
      <Filter>project</Filter>
    </ClInclude>
    <ClInclude Include="resource.h" />
    <ClInclude Include="callstackFrame.h">
      <Filter>widgets\callstack</Filter>
    </ClInclude>
    <ClInclude Include="callstackFunctionTree.h">
      <Filter>widgets\callstack</Filter>
    </ClInclude>
    <ClInclude Include="memoryFrame.h">
      <Filter>widgets\traceMemoryView</Filter>
    </ClInclude>
    <ClInclude Include="utils.h">
      <Filter>app</Filter>
    </ClInclude>
    <ClInclude Include="events.h">
      <Filter>app</Filter>
    </ClInclude>
    <ClInclude Include="canvas.h">
      <Filter>widgets\canvas</Filter>
    </ClInclude>
    <ClInclude Include="timeMachineView.h">
      <Filter>widgets\timemachine</Filter>
    </ClInclude>
    <ClInclude Include="timeMachineFrame.h">
      <Filter>widgets\timemachine</Filter>
    </ClInclude>
    <ClInclude Include="runDialog.h">
      <Filter>widgets\runDialog</Filter>
    </ClInclude>
    <ClInclude Include="projectConfiguration.h">
      <Filter>project</Filter>
    </ClInclude>
    <ClInclude Include="choiceDialog.h">
      <Filter>widgets\choiceDialog</Filter>
    </ClInclude>
    <ClInclude Include="backgroundProcess.h">
      <Filter>app</Filter>
    </ClInclude>
  </ItemGroup>
  <ItemGroup>
    <Filter Include="app">
      <UniqueIdentifier>{7fd03347-ad00-4b6b-ad1f-8a6e4298c3d3}</UniqueIdentifier>
    </Filter>
    <Filter Include="widgets">
      <UniqueIdentifier>{0e7476ab-5709-44b3-bf5b-bbb6838392d2}</UniqueIdentifier>
    </Filter>
    <Filter Include="project">
      <UniqueIdentifier>{f0b385b3-ecd9-4957-8ee3-251ae3c2576a}</UniqueIdentifier>
    </Filter>
    <Filter Include="widgets\log">
      <UniqueIdentifier>{84caed04-d327-4289-91c3-3257227b0d18}</UniqueIdentifier>
    </Filter>
    <Filter Include="widgets\progress">
      <UniqueIdentifier>{21f4ea9d-5b93-49e6-88b7-c5493bbcdb0d}</UniqueIdentifier>
    </Filter>
    <Filter Include="widgets\regView">
      <UniqueIdentifier>{280c2044-02ea-498d-8c91-845a4f1217ca}</UniqueIdentifier>
    </Filter>
    <Filter Include="widgets\findSymbol">
      <UniqueIdentifier>{45f7a4a9-6d8d-4591-887d-fead918b7d8d}</UniqueIdentifier>
    </Filter>
    <Filter Include="widgets\traceInfoView">
      <UniqueIdentifier>{56e27ecc-09df-4954-9bbf-a537f5e3261d}</UniqueIdentifier>
    </Filter>
    <Filter Include="widgets\codeView">
      <UniqueIdentifier>{70b603ee-9252-4f24-9107-1780d21af46a}</UniqueIdentifier>
    </Filter>
    <Filter Include="widgets\traceMemoryView">
      <UniqueIdentifier>{4105f139-e825-4756-9f29-b11542762ecb}</UniqueIdentifier>
    </Filter>
    <Filter Include="widgets\canvas">
      <UniqueIdentifier>{93d4936f-f5ce-4e86-aea4-17c5a8cd9323}</UniqueIdentifier>
    </Filter>
    <Filter Include="widgets\timemachine">
      <UniqueIdentifier>{38976b6e-fe69-475c-8593-0ab78d97a747}</UniqueIdentifier>
    </Filter>
    <Filter Include="widgets\runDialog">
      <UniqueIdentifier>{a7bf0212-a7f3-4b09-afa2-61995dd5f909}</UniqueIdentifier>
    </Filter>
    <Filter Include="widgets\choiceDialog">
      <UniqueIdentifier>{aaa8f649-f488-49e7-9e5d-a50b6c54d2e5}</UniqueIdentifier>
    </Filter>
    <Filter Include="widgets\callstack">
      <UniqueIdentifier>{417c6a8a-7153-4933-8f1b-258394115fff}</UniqueIdentifier>
    </Filter>
    <Filter Include="widgets\goto">
      <UniqueIdentifier>{38cdede2-a1d4-458e-bf1e-24ca3f994757}</UniqueIdentifier>
    </Filter>
  </ItemGroup>
  <ItemGroup>
    <ResourceCompile Include="resources.rc" />
  </ItemGroup>
</Project>