
Microsoft Visual Studio Solution File, Format Version 12.00
# Visual Studio 14
VisualStudioVersion = 14.0.25420.1
MinimumVisualStudioVersion = 10.0.40219.1
Project("{2150E333-8FDC-42A3-9474-1A3956D46DE8}") = "recompiler", "recompiler", "{DDFE5335-6C24-49B0-8E37-D68F9861F063}"
EndProject
Project("{8BC9CEB8-8B4A-11D0-8D11-00A0C91BC942}") = "recompiler_core", "recompiler_core\recompiler_core.vcxproj", "{654994E2-500B-46E3-8E8B-CF743548964A}"
EndProject
Project("{8BC9CEB8-8B4A-11D0-8D11-00A0C91BC942}") = "recompiler_tools", "recompiler_tools\recompiler_tools.vcxproj", "{405B3396-2B1F-4D36-9B7B-AF5E107D5760}"
EndProject
Project("{8BC9CEB8-8B4A-11D0-8D11-00A0C91BC942}") = "host_core", "host_core\host_core.vcxproj", "{E0C33224-2CE6-46A7-9AC0-CDF57218E360}"
EndProject
Project("{8BC9CEB8-8B4A-11D0-8D11-00A0C91BC942}") = "host_windows", "host_windows\host_windows.vcxproj", "{BC01375D-0666-48F5-A3E7-89F3BDFE4CC7}"
EndProject
Project("{2150E333-8FDC-42A3-9474-1A3956D46DE8}") = "host", "host", "{DDD669C0-FF7D-4137-A22B-821B1C274634}"
EndProject
Project("{2150E333-8FDC-42A3-9474-1A3956D46DE8}") = "platform", "platform", "{83FB9CC7-1977-4EDD-AA80-A7CEB4A1E78E}"
EndProject
Project("{2150E333-8FDC-42A3-9474-1A3956D46DE8}") = "xenon", "xenon", "{2190BF94-AFBB-4E0A-BFDB-731EA0F99525}"
EndProject
Project("{8BC9CEB8-8B4A-11D0-8D11-00A0C91BC942}") = "xenon_decompiler", "xenon_decompiler\xenon_decompiler.vcxproj", "{E42A8A26-BBC0-442B-8A3A-6D4860AF5FFD}"
EndProject
Project("{8BC9CEB8-8B4A-11D0-8D11-00A0C91BC942}") = "xenon_launcher", "xenon_launcher\xenon_launcher.vcxproj", "{BC01375D-057C-48F5-A3E7-89F3BDFE4CC7}"
EndProject
Project("{8BC9CEB8-8B4A-11D0-8D11-00A0C91BC942}") = "recompiler_api", "recompiler_api\recompiler_api.vcxproj", "{AE4794FE-4929-4AF9-AEFB-BB278873A363}"
EndProject
Global
	GlobalSection(SolutionConfigurationPlatforms) = preSolution
		Debug|x64 = Debug|x64
		Release|x64 = Release|x64
	EndGlobalSection
	GlobalSection(ProjectConfigurationPlatforms) = postSolution
		{654994E2-500B-46E3-8E8B-CF743548964A}.Debug|x64.ActiveCfg = Debug|x64
		{654994E2-500B-46E3-8E8B-CF743548964A}.Debug|x64.Build.0 = Debug|x64
		{654994E2-500B-46E3-8E8B-CF743548964A}.Release|x64.ActiveCfg = Release|x64
		{654994E2-500B-46E3-8E8B-CF743548964A}.Release|x64.Build.0 = Release|x64
		{405B3396-2B1F-4D36-9B7B-AF5E107D5760}.Debug|x64.ActiveCfg = Debug|x64
		{405B3396-2B1F-4D36-9B7B-AF5E107D5760}.Debug|x64.Build.0 = Debug|x64
		{405B3396-2B1F-4D36-9B7B-AF5E107D5760}.Release|x64.ActiveCfg = Release|x64
		{405B3396-2B1F-4D36-9B7B-AF5E107D5760}.Release|x64.Build.0 = Release|x64
		{E0C33224-2CE6-46A7-9AC0-CDF57218E360}.Debug|x64.ActiveCfg = Debug|x64
		{E0C33224-2CE6-46A7-9AC0-CDF57218E360}.Debug|x64.Build.0 = Debug|x64
		{E0C33224-2CE6-46A7-9AC0-CDF57218E360}.Release|x64.ActiveCfg = Release|x64
		{E0C33224-2CE6-46A7-9AC0-CDF57218E360}.Release|x64.Build.0 = Release|x64
		{BC01375D-0666-48F5-A3E7-89F3BDFE4CC7}.Debug|x64.ActiveCfg = Debug|x64
		{BC01375D-0666-48F5-A3E7-89F3BDFE4CC7}.Debug|x64.Build.0 = Debug|x64
		{BC01375D-0666-48F5-A3E7-89F3BDFE4CC7}.Release|x64.ActiveCfg = Release|x64
		{BC01375D-0666-48F5-A3E7-89F3BDFE4CC7}.Release|x64.Build.0 = Release|x64
		{E42A8A26-BBC0-442B-8A3A-6D4860AF5FFD}.Debug|x64.ActiveCfg = Debug|x64
		{E42A8A26-BBC0-442B-8A3A-6D4860AF5FFD}.Debug|x64.Build.0 = Debug|x64
		{E42A8A26-BBC0-442B-8A3A-6D4860AF5FFD}.Release|x64.ActiveCfg = Release|x64
		{E42A8A26-BBC0-442B-8A3A-6D4860AF5FFD}.Release|x64.Build.0 = Release|x64
		{BC01375D-057C-48F5-A3E7-89F3BDFE4CC7}.Debug|x64.ActiveCfg = Debug|x64
		{BC01375D-057C-48F5-A3E7-89F3BDFE4CC7}.Debug|x64.Build.0 = Debug|x64
		{BC01375D-057C-48F5-A3E7-89F3BDFE4CC7}.Release|x64.ActiveCfg = Release|x64
		{BC01375D-057C-48F5-A3E7-89F3BDFE4CC7}.Release|x64.Build.0 = Release|x64
		{AE4794FE-4929-4AF9-AEFB-BB278873A363}.Debug|x64.ActiveCfg = Debug|x64
		{AE4794FE-4929-4AF9-AEFB-BB278873A363}.Debug|x64.Build.0 = Debug|x64
		{AE4794FE-4929-4AF9-AEFB-BB278873A363}.Release|x64.ActiveCfg = Release|x64
		{AE4794FE-4929-4AF9-AEFB-BB278873A363}.Release|x64.Build.0 = Release|x64
	EndGlobalSection
	GlobalSection(SolutionProperties) = preSolution
		HideSolutionNode = FALSE
	EndGlobalSection
	GlobalSection(NestedProjects) = preSolution
		{654994E2-500B-46E3-8E8B-CF743548964A} = {DDFE5335-6C24-49B0-8E37-D68F9861F063}
		{405B3396-2B1F-4D36-9B7B-AF5E107D5760} = {DDFE5335-6C24-49B0-8E37-D68F9861F063}
		{E0C33224-2CE6-46A7-9AC0-CDF57218E360} = {DDD669C0-FF7D-4137-A22B-821B1C274634}
		{BC01375D-0666-48F5-A3E7-89F3BDFE4CC7} = {DDD669C0-FF7D-4137-A22B-821B1C274634}
		{2190BF94-AFBB-4E0A-BFDB-731EA0F99525} = {83FB9CC7-1977-4EDD-AA80-A7CEB4A1E78E}
		{E42A8A26-BBC0-442B-8A3A-6D4860AF5FFD} = {2190BF94-AFBB-4E0A-BFDB-731EA0F99525}
		{BC01375D-057C-48F5-A3E7-89F3BDFE4CC7} = {2190BF94-AFBB-4E0A-BFDB-731EA0F99525}
		{AE4794FE-4929-4AF9-AEFB-BB278873A363} = {DDFE5335-6C24-49B0-8E37-D68F9861F063}
	EndGlobalSection
EndGlobal
