
Microsoft Visual Studio Solution File, Format Version 12.00
# Visual Studio 14
VisualStudioVersion = 14.0.24720.0
MinimumVisualStudioVersion = 10.0.40219.1
Project("{2150E333-8FDC-42A3-9474-1A3956D46DE8}") = "platform", "platform", "{AD1892D3-0E58-447E-ABBD-32EF1C4310A9}"
EndProject
Project("{2150E333-8FDC-42A3-9474-1A3956D46DE8}") = "xenon", "xenon", "{21B91A85-7334-4612-ADB1-91ED6BE3EF53}"
EndProject
Project("{FAE04EC0-301F-11D3-BF4B-00C04F79EFBC}") = "xenonGPUViewer", "platforms\xenon\xenonGPUViewer\xenonGPUViewer.csproj", "{E02E5D06-9881-4A29-B41E-CEAA2FDACB02}"
EndProject
Project("{2150E333-8FDC-42A3-9474-1A3956D46DE8}") = "framework", "framework", "{C3088798-79D6-49B6-BEA0-E9CFB9AB62D0}"
EndProject
Project("{8BC9CEB8-8B4A-11D0-8D11-00A0C91BC942}") = "backend", "framework\backend\backend.vcxproj", "{654994E2-500B-46E3-8E8B-CF743548964A}"
EndProject
Project("{8BC9CEB8-8B4A-11D0-8D11-00A0C91BC942}") = "frontend", "framework\frontend\frontend.vcxproj", "{405B3396-2B1F-4D36-9B7B-AF5E107D5760}"
EndProject
Project("{8BC9CEB8-8B4A-11D0-8D11-00A0C91BC942}") = "xenonDecompiler", "platforms\xenon\xenonDecompiler\xenonDecompiler.vcxproj", "{E42A8A26-BBC0-442B-8A3A-6D4860AF5FFD}"
EndProject
Project("{2150E333-8FDC-42A3-9474-1A3956D46DE8}") = "launcher", "launcher", "{BF8309EE-B6A5-4228-9928-DA699BEEC6F7}"
EndProject
Project("{8BC9CEB8-8B4A-11D0-8D11-00A0C91BC942}") = "backend", "launcher\backend\backend.vcxproj", "{E0C33224-2CE6-46A7-9AC0-CDF57218E360}"
EndProject
Project("{8BC9CEB8-8B4A-11D0-8D11-00A0C91BC942}") = "launcher", "launcher\frontend\launcher.vcxproj", "{BC01375D-0666-48F5-A3E7-89F3BDFE4CC7}"
EndProject
Project("{8BC9CEB8-8B4A-11D0-8D11-00A0C91BC942}") = "xenonLauncher", "platforms\xenon\xenonLauncher\xenonLauncher.vcxproj", "{BC01375D-057C-48F5-A3E7-89F3BDFE4CC7}"
EndProject
Project("{2150E333-8FDC-42A3-9474-1A3956D46DE8}") = "dos", "dos", "{881CD8C0-FC9C-4E16-B19B-AFAC84F17627}"
EndProject
Global
	GlobalSection(SolutionConfigurationPlatforms) = preSolution
		Debug|x64 = Debug|x64
		Release|x64 = Release|x64
	EndGlobalSection
	GlobalSection(ProjectConfigurationPlatforms) = postSolution
		{E02E5D06-9881-4A29-B41E-CEAA2FDACB02}.Debug|x64.ActiveCfg = Debug|Any CPU
		{E02E5D06-9881-4A29-B41E-CEAA2FDACB02}.Release|x64.ActiveCfg = Release|Any CPU
		{654994E2-500B-46E3-8E8B-CF743548964A}.Debug|x64.ActiveCfg = Debug|x64
		{654994E2-500B-46E3-8E8B-CF743548964A}.Debug|x64.Build.0 = Debug|x64
		{654994E2-500B-46E3-8E8B-CF743548964A}.Release|x64.ActiveCfg = Release|x64
		{654994E2-500B-46E3-8E8B-CF743548964A}.Release|x64.Build.0 = Release|x64
		{405B3396-2B1F-4D36-9B7B-AF5E107D5760}.Debug|x64.ActiveCfg = Debug|x64
		{405B3396-2B1F-4D36-9B7B-AF5E107D5760}.Debug|x64.Build.0 = Debug|x64
		{405B3396-2B1F-4D36-9B7B-AF5E107D5760}.Release|x64.ActiveCfg = Release|x64
		{405B3396-2B1F-4D36-9B7B-AF5E107D5760}.Release|x64.Build.0 = Release|x64
		{E42A8A26-BBC0-442B-8A3A-6D4860AF5FFD}.Debug|x64.ActiveCfg = Debug|x64
		{E42A8A26-BBC0-442B-8A3A-6D4860AF5FFD}.Debug|x64.Build.0 = Debug|x64
		{E42A8A26-BBC0-442B-8A3A-6D4860AF5FFD}.Release|x64.ActiveCfg = Release|x64
		{E42A8A26-BBC0-442B-8A3A-6D4860AF5FFD}.Release|x64.Build.0 = Release|x64
		{E0C33224-2CE6-46A7-9AC0-CDF57218E360}.Debug|x64.ActiveCfg = Debug|x64
		{E0C33224-2CE6-46A7-9AC0-CDF57218E360}.Debug|x64.Build.0 = Debug|x64
		{E0C33224-2CE6-46A7-9AC0-CDF57218E360}.Release|x64.ActiveCfg = Release|x64
		{E0C33224-2CE6-46A7-9AC0-CDF57218E360}.Release|x64.Build.0 = Release|x64
		{BC01375D-0666-48F5-A3E7-89F3BDFE4CC7}.Debug|x64.ActiveCfg = Debug|x64
		{BC01375D-0666-48F5-A3E7-89F3BDFE4CC7}.Debug|x64.Build.0 = Debug|x64
		{BC01375D-0666-48F5-A3E7-89F3BDFE4CC7}.Release|x64.ActiveCfg = Release|x64
		{BC01375D-0666-48F5-A3E7-89F3BDFE4CC7}.Release|x64.Build.0 = Release|x64
		{BC01375D-057C-48F5-A3E7-89F3BDFE4CC7}.Debug|x64.ActiveCfg = Debug|x64
		{BC01375D-057C-48F5-A3E7-89F3BDFE4CC7}.Debug|x64.Build.0 = Debug|x64
		{BC01375D-057C-48F5-A3E7-89F3BDFE4CC7}.Release|x64.ActiveCfg = Release|x64
		{BC01375D-057C-48F5-A3E7-89F3BDFE4CC7}.Release|x64.Build.0 = Release|x64
	EndGlobalSection
	GlobalSection(SolutionProperties) = preSolution
		HideSolutionNode = FALSE
	EndGlobalSection
	GlobalSection(NestedProjects) = preSolution
		{21B91A85-7334-4612-ADB1-91ED6BE3EF53} = {AD1892D3-0E58-447E-ABBD-32EF1C4310A9}
		{E02E5D06-9881-4A29-B41E-CEAA2FDACB02} = {21B91A85-7334-4612-ADB1-91ED6BE3EF53}
		{654994E2-500B-46E3-8E8B-CF743548964A} = {C3088798-79D6-49B6-BEA0-E9CFB9AB62D0}
		{405B3396-2B1F-4D36-9B7B-AF5E107D5760} = {C3088798-79D6-49B6-BEA0-E9CFB9AB62D0}
		{E42A8A26-BBC0-442B-8A3A-6D4860AF5FFD} = {21B91A85-7334-4612-ADB1-91ED6BE3EF53}
		{E0C33224-2CE6-46A7-9AC0-CDF57218E360} = {BF8309EE-B6A5-4228-9928-DA699BEEC6F7}
		{BC01375D-0666-48F5-A3E7-89F3BDFE4CC7} = {BF8309EE-B6A5-4228-9928-DA699BEEC6F7}
		{BC01375D-057C-48F5-A3E7-89F3BDFE4CC7} = {21B91A85-7334-4612-ADB1-91ED6BE3EF53}
		{881CD8C0-FC9C-4E16-B19B-AFAC84F17627} = {AD1892D3-0E58-447E-ABBD-32EF1C4310A9}
	EndGlobalSection
EndGlobal
